
Microsoft Visual Studio Solution File, Format Version 12.00
# Visual Studio Version 17
VisualStudioVersion = 17.3.32901.215
MinimumVisualStudioVersion = 10.0.40219.1
Project("{FAE04EC0-301F-11D3-BF4B-00C04F79EFBC}") = "TestSwaggerApi", "TestSwaggerApi.csproj", "{00FE7094-782E-41FC-A2B9-0DDCE18D4BB9}"
EndProject
Global
	GlobalSection(SolutionConfigurationPlatforms) = preSolution
		Debug|Any CPU = Debug|Any CPU
		Release|Any CPU = Release|Any CPU
	EndGlobalSection
	GlobalSection(ProjectConfigurationPlatforms) = postSolution
		{00FE7094-782E-41FC-A2B9-0DDCE18D4BB9}.Debug|Any CPU.ActiveCfg = Debug|Any CPU
		{00FE7094-782E-41FC-A2B9-0DDCE18D4BB9}.Debug|Any CPU.Build.0 = Debug|Any CPU
		{00FE7094-782E-41FC-A2B9-0DDCE18D4BB9}.Release|Any CPU.ActiveCfg = Release|Any CPU
		{00FE7094-782E-41FC-A2B9-0DDCE18D4BB9}.Release|Any CPU.Build.0 = Release|Any CPU
	EndGlobalSection
	GlobalSection(SolutionProperties) = preSolution
		HideSolutionNode = FALSE
	EndGlobalSection
	GlobalSection(ExtensibilityGlobals) = postSolution
		SolutionGuid = {DD756ACF-F26C-439D-9BE8-E383A8A801B8}
	EndGlobalSection
EndGlobal
